
Microsoft Visual Studio Solution File, Format Version 12.00
# Visual Studio Version 17
VisualStudioVersion = 17.5.33627.172
MinimumVisualStudioVersion = 10.0.40219.1
Project("{FAE04EC0-301F-11D3-BF4B-00C04F79EFBC}") = "ConsoleApp1", "ConsoleApp1\ConsoleApp1.csproj", "{78A76217-D389-4DDF-9A4D-1CB186114736}"
EndProject
Global
	GlobalSection(SolutionConfigurationPlatforms) = preSolution
		Debug|Any CPU = Debug|Any CPU
		Release|Any CPU = Release|Any CPU
	EndGlobalSection
	GlobalSection(ProjectConfigurationPlatforms) = postSolution
		{78A76217-D389-4DDF-9A4D-1CB186114736}.Debug|Any CPU.ActiveCfg = Debug|Any CPU
		{78A76217-D389-4DDF-9A4D-1CB186114736}.Debug|Any CPU.Build.0 = Debug|Any CPU
		{78A76217-D389-4DDF-9A4D-1CB186114736}.Release|Any CPU.ActiveCfg = Release|Any CPU
		{78A76217-D389-4DDF-9A4D-1CB186114736}.Release|Any CPU.Build.0 = Release|Any CPU
	EndGlobalSection
	GlobalSection(SolutionProperties) = preSolution
		HideSolutionNode = FALSE
	EndGlobalSection
	GlobalSection(ExtensibilityGlobals) = postSolution
		SolutionGuid = {D8FA38DA-3BE8-45CC-9F93-DD32979B2CAB}
	EndGlobalSection
EndGlobal
